
Microsoft Visual Studio Solution File, Format Version 12.00
# Visual Studio Version 17
VisualStudioVersion = 17.11.35327.3
MinimumVisualStudioVersion = 10.0.40219.1
Project("{8BC9CEB8-8B4A-11D0-8D11-00A0C91BC942}") = "test_commit_project", "test_commit_project.vcxproj", "{B42EA495-72E5-4094-AD44-342C989B81D8}"
EndProject
Global
	GlobalSection(SolutionConfigurationPlatforms) = preSolution
		Debug|x64 = Debug|x64
		Debug|x86 = Debug|x86
		Release|x64 = Release|x64
		Release|x86 = Release|x86
	EndGlobalSection
	GlobalSection(ProjectConfigurationPlatforms) = postSolution
		{B42EA495-72E5-4094-AD44-342C989B81D8}.Debug|x64.ActiveCfg = Debug|x64
		{B42EA495-72E5-4094-AD44-342C989B81D8}.Debug|x64.Build.0 = Debug|x64
		{B42EA495-72E5-4094-AD44-342C989B81D8}.Debug|x86.ActiveCfg = Debug|Win32
		{B42EA495-72E5-4094-AD44-342C989B81D8}.Debug|x86.Build.0 = Debug|Win32
		{B42EA495-72E5-4094-AD44-342C989B81D8}.Release|x64.ActiveCfg = Release|x64
		{B42EA495-72E5-4094-AD44-342C989B81D8}.Release|x64.Build.0 = Release|x64
		{B42EA495-72E5-4094-AD44-342C989B81D8}.Release|x86.ActiveCfg = Release|Win32
		{B42EA495-72E5-4094-AD44-342C989B81D8}.Release|x86.Build.0 = Release|Win32
	EndGlobalSection
	GlobalSection(SolutionProperties) = preSolution
		HideSolutionNode = FALSE
	EndGlobalSection
	GlobalSection(ExtensibilityGlobals) = postSolution
		SolutionGuid = {3849E49A-837E-4907-AA70-B1800121E0C5}
	EndGlobalSection
EndGlobal
